hash: 733c7d1bc0f63f95a8b35f3a12a761ef678e9d830f5d007849a2ffe1a67c7971
updated: 2017-03-31T19:33:21.783033707-07:00
imports:
- name: github.com/dgrijalva/jwt-go
  version: d2709f9f1f31ebcda9651b03077758c1f3a0018c
- name: github.com/jmcvetta/neoism
  version: c37ec30845b63d9f168f55e837c787e08a15e9a6
- name: github.com/julienschmidt/httprouter
  version: 8c199fb6259ffc1af525cc3ad52ee60ba8359669
- name: golang.org/x/crypto
  version: 3cb07270c9455e8ad27956a70891c962d121a228
  subpackages:
  - bcrypt
  - blowfish
testImports: []
